{
    "_readme": [
        "This file locks the dependencies of your project to a known state",
        "Read more about it at https://getcomposer.org/doc/01-basic-usage.md#installing-dependencies",
        "This file is @generated automatically"
    ],
    "content-hash": "fb6340c619249421c28d00c097888547",
    "packages": [],
    "packages-dev": [
        {
            "name": "nikic/php-parser",
            "version": "v4.13.2",
            "source": {
                "type": "git",
                "url": "https://github.com/nikic/PHP-Parser.git",
                "reference": "210577fe3cf7badcc5814d99455df46564f3c077"
            },
            "dist": {
                "type": "zip",
                "url": "https://api.github.com/repos/nikic/PHP-Parser/zipball/210577fe3cf7badcc5814d99455df46564f3c077",
                "reference": "210577fe3cf7badcc5814d99455df46564f3c077",
                "shasum": ""
            },
            "require": {
                "ext-tokenizer": "*",
                "php": ">=7.0"
            },
            "require-dev": {
                "ircmaxell/php-yacc": "^0.0.7",
                "phpunit/phpunit": "^6.5 || ^7.0 || ^8.0 || ^9.0"
            },
            "bin": [
                "bin/php-parse"
            ],
            "type": "library",
            "extra": {
                "branch-alias": {
                    "dev-master": "4.9-dev"
                }
            },
            "autoload": {
                "psr-4": {
                    "PhpParser\\": "lib/PhpParser"
                }
            },
            "notification-url": "https://packagist.org/downloads/",
            "license": [
                "BSD-3-Clause"
            ],
            "authors": [
                {
                    "name": "Nikita Popov"
                }
            ],
            "description": "A PHP parser written in PHP",
            "keywords": [
                "parser",
                "php"
            ],
            "support": {
                "issues": "https://github.com/nikic/PHP-Parser/issues",
                "source": "https://github.com/nikic/PHP-Parser/tree/v4.13.2"
            },
            "time": "2021-11-30T19:35:32+00:00"
        },
        {
            "name": "phpunit/php-code-coverage",
            "version": "9.2.15",
            "source": {
                "type": "git",
                "url": "https://github.com/sebastianbergmann/php-code-coverage.git",
                "reference": "2e9da11878c4202f97915c1cb4bb1ca318a63f5f"
            },
            "dist": {
                "type": "zip",
                "url": "https://api.github.com/repos/sebastianbergmann/php-code-coverage/zipball/2e9da11878c4202f97915c1cb4bb1ca318a63f5f",
                "reference": "2e9da11878c4202f97915c1cb4bb1ca318a63f5f",
                "shasum": ""
            },
            "require": {
                "ext-dom": "*",
                "ext-libxml": "*",
                "ext-xmlwriter": "*",
                "nikic/php-parser": "^4.13.0",
                "php": ">=7.3",
                "phpunit/php-file-iterator": "^3.0.3",
                "phpunit/php-text-template": "^2.0.2",
                "sebastian/code-unit-reverse-lookup": "^2.0.2",
                "sebastian/complexity": "^2.0",
                "sebastian/environment": "^5.1.2",
                "sebastian/lines-of-code": "^1.0.3",
                "sebastian/version": "^3.0.1",
                "theseer/tokenizer": "^1.2.0"
            },
            "require-dev": {
                "phpunit/phpunit": "^9.3"
            },
            "suggest": {
                "ext-pcov": "*",
                "ext-xdebug": "*"
            },
            "type": "library",
            "extra": {
                "branch-alias": {
                    "dev-master": "9.2-dev"
                }
            },
            "autoload": {
                "classmap": [
                    "src/"
                ]
            },
            "notification-url": "https://packagist.org/downloads/",
            "license": [
                "BSD-3-Clause"
            ],
            "authors": [
                {
                    "name": "Sebastian Bergmann",
                    "email": "sebastian@phpunit.de",
                    "role": "lead"
                }
            ],
            "description": "Library that provides collection, processing, and rendering functionality for PHP code coverage information.",
            "homepage": "https://github.com/sebastianbergmann/php-code-coverage",
            "keywords": [
                "coverage",
                "testing",
                "xunit"
            ],
            "support": {
                "issues": "https://github.com/sebastianbergmann/php-code-coverage/issues",
                "source": "https://github.com/sebastianbergmann/php-code-coverage/tree/9.2.15"
            },
            "funding": [
                {
                    "url": "https://github.com/sebastianbergmann",
                    "type": "github"
                }
            ],
            "time": "2022-03-07T09:28:20+00:00"
        },
        {
            "name": "phpunit/php-file-iterator",
            "version": "3.0.6",
            "source": {
                "type": "git",
                "url": "https://github.com/sebastianbergmann/php-file-iterator.git",
                "reference": "cf1c2e7c203ac650e352f4cc675a7021e7d1b3cf"
            },
            "dist": {
                "type": "zip",
                "url": "https://api.github.com/repos/sebastianbergmann/php-file-iterator/zipball/cf1c2e7c203ac650e352f4cc675a7021e7d1b3cf",
                "reference": "cf1c2e7c203ac650e352f4cc675a7021e7d1b3cf",
                "shasum": ""
            },
            "require": {
                "php": ">=7.3"
            },
            "require-dev": {
                "phpunit/phpunit": "^9.3"
            },
            "type": "library",
            "extra": {
                "branch-alias": {
                    "dev-master": "3.0-dev"
                }
            },
            "autoload": {
                "classmap": [
                    "src/"
                ]
            },
            "notification-url": "https://packagist.org/downloads/",
            "license": [
                "BSD-3-Clause"
            ],
            "authors": [
                {
                    "name": "Sebastian Bergmann",
                    "email": "sebastian@phpunit.de",
                    "role": "lead"
                }
            ],
            "description": "FilterIterator implementation that filters files based on a list of suffixes.",
            "homepage": "https://github.com/sebastianbergmann/php-file-iterator/",
            "keywords": [
                "filesystem",
                "iterator"
            ],
            "support": {
                "issues": "https://github.com/sebastianbergmann/php-file-iterator/issues",
                "source": "https://github.com/sebastianbergmann/php-file-iterator/tree/3.0.6"
            },
            "funding": [
                {
                    "url": "https://github.com/sebastianbergmann",
                    "type": "github"
                }
            ],
            "time": "2021-12-02T12:48:52+00:00"
        },
        {
            "name": "phpunit/php-text-template",
            "version": "2.0.4",
            "source": {
                "type": "git",
                "url": "https://github.com/sebastianbergmann/php-text-template.git",
                "reference": "5da5f67fc95621df9ff4c4e5a84d6a8a2acf7c28"
            },
            "dist": {
                "type": "zip",
                "url": "https://api.github.com/repos/sebastianbergmann/php-text-template/zipball/5da5f67fc95621df9ff4c4e5a84d6a8a2acf7c28",
                "reference": "5da5f67fc95621df9ff4c4e5a84d6a8a2acf7c28",
                "shasum": ""
            },
            "require": {
                "php": ">=7.3"
            },
            "require-dev": {
                "phpunit/phpunit": "^9.3"
            },
            "type": "library",
            "extra": {
                "branch-alias": {
                    "dev-master": "2.0-dev"
                }
            },
            "autoload": {
                "classmap": [
                    "src/"
                ]
            },
            "notification-url": "https://packagist.org/downloads/",
            "license": [
                "BSD-3-Clause"
            ],
            "authors": [
                {
                    "name": "Sebastian Bergmann",
                    "email": "sebastian@phpunit.de",
                    "role": "lead"
                }
            ],
            "description": "Simple template engine.",
            "homepage": "https://github.com/sebastianbergmann/php-text-template/",
            "keywords": [
                "template"
            ],
            "support": {
                "issues": "https://github.com/sebastianbergmann/php-text-template/issues",
                "source": "https://github.com/sebastianbergmann/php-text-template/tree/2.0.4"
            },
            "funding": [
                {
                    "url": "https://github.com/sebastianbergmann",
                    "type": "github"
                }
            ],
            "time": "2020-10-26T05:33:50+00:00"
        },
        {
            "name": "sebastian/code-unit-reverse-lookup",
            "version": "2.0.3",
            "source": {
                "type": "git",
                "url": "https://github.com/sebastianbergmann/code-unit-reverse-lookup.git",
                "reference": "ac91f01ccec49fb77bdc6fd1e548bc70f7faa3e5"
            },
            "dist": {
                "type": "zip",
                "url": "https://api.github.com/repos/sebastianbergmann/code-unit-reverse-lookup/zipball/ac91f01ccec49fb77bdc6fd1e548bc70f7faa3e5",
                "reference": "ac91f01ccec49fb77bdc6fd1e548bc70f7faa3e5",
                "shasum": ""
            },
            "require": {
                "php": ">=7.3"
            },
            "require-dev": {
                "phpunit/phpunit": "^9.3"
            },
            "type": "library",
            "extra": {
                "branch-alias": {
                    "dev-master": "2.0-dev"
                }
            },
            "autoload": {
                "classmap": [
                    "src/"
                ]
            },
            "notification-url": "https://packagist.org/downloads/",
            "license": [
                "BSD-3-Clause"
            ],
            "authors": [
                {
                    "name": "Sebastian Bergmann",
                    "email": "sebastian@phpunit.de"
                }
            ],
            "description": "Looks up which function or method a line of code belongs to",
            "homepage": "https://github.com/sebastianbergmann/code-unit-reverse-lookup/",
            "support": {
                "issues": "https://github.com/sebastianbergmann/code-unit-reverse-lookup/issues",
                "source": "https://github.com/sebastianbergmann/code-unit-reverse-lookup/tree/2.0.3"
            },
            "funding": [
                {
                    "url": "https://github.com/sebastianbergmann",
                    "type": "github"
                }
            ],
            "time": "2020-09-28T05:30:19+00:00"
        },
        {
            "name": "sebastian/complexity",
            "version": "2.0.2",
            "source": {
                "type": "git",
                "url": "https://github.com/sebastianbergmann/complexity.git",
                "reference": "739b35e53379900cc9ac327b2147867b8b6efd88"
            },
            "dist": {
                "type": "zip",
                "url": "https://api.github.com/repos/sebastianbergmann/complexity/zipball/739b35e53379900cc9ac327b2147867b8b6efd88",
                "reference": "739b35e53379900cc9ac327b2147867b8b6efd88",
                "shasum": ""
            },
            "require": {
                "nikic/php-parser": "^4.7",
                "php": ">=7.3"
            },
            "require-dev": {
                "phpunit/phpunit": "^9.3"
            },
            "type": "library",
            "extra": {
                "branch-alias": {
                    "dev-master": "2.0-dev"
                }
            },
            "autoload": {
                "classmap": [
                    "src/"
                ]
            },
            "notification-url": "https://packagist.org/downloads/",
            "license": [
                "BSD-3-Clause"
            ],
            "authors": [
                {
                    "name": "Sebastian Bergmann",
                    "email": "sebastian@phpunit.de",
                    "role": "lead"
                }
            ],
            "description": "Library for calculating the complexity of PHP code units",
            "homepage": "https://github.com/sebastianbergmann/complexity",
            "support": {
                "issues": "https://github.com/sebastianbergmann/complexity/issues",
                "source": "https://github.com/sebastianbergmann/complexity/tree/2.0.2"
            },
            "funding": [
                {
                    "url": "https://github.com/sebastianbergmann",
                    "type": "github"
                }
            ],
            "time": "2020-10-26T15:52:27+00:00"
        },
        {
            "name": "sebastian/environment",
            "version": "5.1.4",
            "source": {
                "type": "git",
                "url": "https://github.com/sebastianbergmann/environment.git",
                "reference": "1b5dff7bb151a4db11d49d90e5408e4e938270f7"
            },
            "dist": {
                "type": "zip",
                "url": "https://api.github.com/repos/sebastianbergmann/environment/zipball/1b5dff7bb151a4db11d49d90e5408e4e938270f7",
                "reference": "1b5dff7bb151a4db11d49d90e5408e4e938270f7",
                "shasum": ""
            },
            "require": {
                "php": ">=7.3"
            },
            "require-dev": {
                "phpunit/phpunit": "^9.3"
            },
            "suggest": {
                "ext-posix": "*"
            },
            "type": "library",
            "extra": {
                "branch-alias": {
                    "dev-master": "5.1-dev"
                }
            },
            "autoload": {
                "classmap": [
                    "src/"
                ]
            },
            "notification-url": "https://packagist.org/downloads/",
            "license": [
                "BSD-3-Clause"
            ],
            "authors": [
                {
                    "name": "Sebastian Bergmann",
                    "email": "sebastian@phpunit.de"
                }
            ],
            "description": "Provides functionality to handle HHVM/PHP environments",
            "homepage": "http://www.github.com/sebastianbergmann/environment",
            "keywords": [
                "Xdebug",
                "environment",
                "hhvm"
            ],
            "support": {
                "issues": "https://github.com/sebastianbergmann/environment/issues",
                "source": "https://github.com/sebastianbergmann/environment/tree/5.1.4"
            },
            "funding": [
                {
                    "url": "https://github.com/sebastianbergmann",
                    "type": "github"
                }
            ],
            "time": "2022-04-03T09:37:03+00:00"
        },
        {
            "name": "sebastian/lines-of-code",
            "version": "1.0.3",
            "source": {
                "type": "git",
                "url": "https://github.com/sebastianbergmann/lines-of-code.git",
                "reference": "c1c2e997aa3146983ed888ad08b15470a2e22ecc"
            },
            "dist": {
                "type": "zip",
                "url": "https://api.github.com/repos/sebastianbergmann/lines-of-code/zipball/c1c2e997aa3146983ed888ad08b15470a2e22ecc",
                "reference": "c1c2e997aa3146983ed888ad08b15470a2e22ecc",
                "shasum": ""
            },
            "require": {
                "nikic/php-parser": "^4.6",
                "php": ">=7.3"
            },
            "require-dev": {
                "phpunit/phpunit": "^9.3"
            },
            "type": "library",
            "extra": {
                "branch-alias": {
                    "dev-master": "1.0-dev"
                }
            },
            "autoload": {
                "classmap": [
                    "src/"
                ]
            },
            "notification-url": "https://packagist.org/downloads/",
            "license": [
                "BSD-3-Clause"
            ],
            "authors": [
                {
                    "name": "Sebastian Bergmann",
                    "email": "sebastian@phpunit.de",
                    "role": "lead"
                }
            ],
            "description": "Library for counting the lines of code in PHP source code",
            "homepage": "https://github.com/sebastianbergmann/lines-of-code",
            "support": {
                "issues": "https://github.com/sebastianbergmann/lines-of-code/issues",
                "source": "https://github.com/sebastianbergmann/lines-of-code/tree/1.0.3"
            },
            "funding": [
                {
                    "url": "https://github.com/sebastianbergmann",
                    "type": "github"
                }
            ],
            "time": "2020-11-28T06:42:11+00:00"
        },
        {
            "name": "sebastian/version",
            "version": "3.0.2",
            "source": {
                "type": "git",
                "url": "https://github.com/sebastianbergmann/version.git",
                "reference": "c6c1022351a901512170118436c764e473f6de8c"
            },
            "dist": {
                "type": "zip",
                "url": "https://api.github.com/repos/sebastianbergmann/version/zipball/c6c1022351a901512170118436c764e473f6de8c",
                "reference": "c6c1022351a901512170118436c764e473f6de8c",
                "shasum": ""
            },
            "require": {
                "php": ">=7.3"
            },
            "type": "library",
            "extra": {
                "branch-alias": {
                    "dev-master": "3.0-dev"
                }
            },
            "autoload": {
                "classmap": [
                    "src/"
                ]
            },
            "notification-url": "https://packagist.org/downloads/",
            "license": [
                "BSD-3-Clause"
            ],
            "authors": [
                {
                    "name": "Sebastian Bergmann",
                    "email": "sebastian@phpunit.de",
                    "role": "lead"
                }
            ],
            "description": "Library that helps with managing the version number of Git-hosted PHP projects",
            "homepage": "https://github.com/sebastianbergmann/version",
            "support": {
                "issues": "https://github.com/sebastianbergmann/version/issues",
                "source": "https://github.com/sebastianbergmann/version/tree/3.0.2"
            },
            "funding": [
                {
                    "url": "https://github.com/sebastianbergmann",
                    "type": "github"
                }
            ],
            "time": "2020-09-28T06:39:44+00:00"
        },
        {
            "name": "theseer/tokenizer",
            "version": "1.2.1",
            "source": {
                "type": "git",
                "url": "https://github.com/theseer/tokenizer.git",
                "reference": "34a41e998c2183e22995f158c581e7b5e755ab9e"
            },
            "dist": {
                "type": "zip",
                "url": "https://api.github.com/repos/theseer/tokenizer/zipball/34a41e998c2183e22995f158c581e7b5e755ab9e",
                "reference": "34a41e998c2183e22995f158c581e7b5e755ab9e",
                "shasum": ""
            },
            "require": {
                "ext-dom": "*",
                "ext-tokenizer": "*",
                "ext-xmlwriter": "*",
                "php": "^7.2 || ^8.0"
            },
            "type": "library",
            "autoload": {
                "classmap": [
                    "src/"
                ]
            },
            "notification-url": "https://packagist.org/downloads/",
            "license": [
                "BSD-3-Clause"
            ],
            "authors": [
                {
                    "name": "Arne Blankerts",
                    "email": "arne@blankerts.de",
                    "role": "Developer"
                }
            ],
            "description": "A small library for converting tokenized PHP source code into XML and potentially other formats",
            "support": {
                "issues": "https://github.com/theseer/tokenizer/issues",
                "source": "https://github.com/theseer/tokenizer/tree/1.2.1"
            },
            "funding": [
                {
                    "url": "https://github.com/theseer",
                    "type": "github"
                }
            ],
            "time": "2021-07-28T10:34:58+00:00"
        }
    ],
    "aliases": [],
    "minimum-stability": "stable",
    "stability-flags": [],
    "prefer-stable": false,
    "prefer-lowest": false,
    "platform": {
        "php": ">=5.5",
        "ext-gd": "*",
        "ext-exif": "*",
        "ext-fileinfo": "*",
        "ext-phar": "*",
        "ext-mbstring": "*"
    },
    "platform-dev": {
        "ext-xdebug": "*"
    },
    "plugin-api-version": "2.2.0"
}
